
Microsoft Visual Studio Solution File, Format Version 12.00
# Visual Studio 14
VisualStudioVersion = 14.0.25123.0
MinimumVisualStudioVersion = 10.0.40219.1
Project("{FAE04EC0-301F-11D3-BF4B-00C04F79EFBC}") = "BootstrapGenerator", "BootstrapGenerator\BootstrapGenerator.csproj", "{FEE0D566-ED4A-4C4F-AE1A-5ECCDBA084CD}"
EndProject
Project("{FAE04EC0-301F-11D3-BF4B-00C04F79EFBC}") = "BootstrapGeneratorTests", "BootstrapGeneratorTests\BootstrapGeneratorTests.csproj", "{18F4A62E-8575-42BD-A56D-ADBC8ED1D3E6}"
EndProject
Global
	GlobalSection(SolutionConfigurationPlatforms) = preSolution
		Debug|Any CPU = Debug|Any CPU
		Release|Any CPU = Release|Any CPU
	EndGlobalSection
	GlobalSection(ProjectConfigurationPlatforms) = postSolution
		{FEE0D566-ED4A-4C4F-AE1A-5ECCDBA084CD}.Debug|Any CPU.ActiveCfg = Debug|Any CPU
		{FEE0D566-ED4A-4C4F-AE1A-5ECCDBA084CD}.Debug|Any CPU.Build.0 = Debug|Any CPU
		{FEE0D566-ED4A-4C4F-AE1A-5ECCDBA084CD}.Release|Any CPU.ActiveCfg = Release|Any CPU
		{FEE0D566-ED4A-4C4F-AE1A-5ECCDBA084CD}.Release|Any CPU.Build.0 = Release|Any CPU
		{18F4A62E-8575-42BD-A56D-ADBC8ED1D3E6}.Debug|Any CPU.ActiveCfg = Debug|Any CPU
		{18F4A62E-8575-42BD-A56D-ADBC8ED1D3E6}.Debug|Any CPU.Build.0 = Debug|Any CPU
		{18F4A62E-8575-42BD-A56D-ADBC8ED1D3E6}.Release|Any CPU.ActiveCfg = Release|Any CPU
		{18F4A62E-8575-42BD-A56D-ADBC8ED1D3E6}.Release|Any CPU.Build.0 = Release|Any CPU
	EndGlobalSection
	GlobalSection(SolutionProperties) = preSolution
		HideSolutionNode = FALSE
	EndGlobalSection
EndGlobal
